# This file is automatically @generated by Poetry 1.8.3 and should not be changed by hand.

[[package]]
name = "hexlet-immutable-fs-trees"
version = "0.1.7"
description = "File System Tree"
optional = false
python-versions = "^3.6"
files = []
develop = false

[package.source]
type = "git"
url = "git@github.com:hexlet-components/python-immutable-fs-trees.git"
reference = "HEAD"
resolved_reference = "e9361108df16b96acdae0891d272b3866e86df42"

[metadata]
lock-version = "2.0"
python-versions = "^3.12"
content-hash = "e25efe11cd8bf230699979d41b16869f659376359968466fb599e7155539e55c"
